
Microsoft Visual Studio Solution File, Format Version 12.00
# Visual Studio Version 17
VisualStudioVersion = 17.7.34202.233
MinimumVisualStudioVersion = 10.0.40219.1
Project("{FAE04EC0-301F-11D3-BF4B-00C04F79EFBC}") = "artık ol", "artık ol\artık ol.csproj", "{6C21C507-AD05-4867-9638-5CD6A3663A76}"
EndProject
Global
	GlobalSection(SolutionConfigurationPlatforms) = preSolution
		Debug|Any CPU = Debug|Any CPU
		Release|Any CPU = Release|Any CPU
	EndGlobalSection
	GlobalSection(ProjectConfigurationPlatforms) = postSolution
		{6C21C507-AD05-4867-9638-5CD6A3663A76}.Debug|Any CPU.ActiveCfg = Debug|Any CPU
		{6C21C507-AD05-4867-9638-5CD6A3663A76}.Debug|Any CPU.Build.0 = Debug|Any CPU
		{6C21C507-AD05-4867-9638-5CD6A3663A76}.Release|Any CPU.ActiveCfg = Release|Any CPU
		{6C21C507-AD05-4867-9638-5CD6A3663A76}.Release|Any CPU.Build.0 = Release|Any CPU
	EndGlobalSection
	GlobalSection(SolutionProperties) = preSolution
		HideSolutionNode = FALSE
	EndGlobalSection
	GlobalSection(ExtensibilityGlobals) = postSolution
		SolutionGuid = {7BBC4102-1529-4672-B6F4-A8D386C4EAB7}
	EndGlobalSection
EndGlobal
